
Microsoft Visual Studio Solution File, Format Version 11.00
# Visual Studio 2010
Project("{F184B08F-C81C-45F6-A57F-5ABD9991F28F}") = "Poquer.Dominio", "Poquer.Dominio\Poquer.Dominio.vbproj", "{0998863D-5F55-4D1C-B6F6-941F25BBEE72}"
EndProject
Global
	GlobalSection(TeamFoundationVersionControl) = preSolution
		SccNumberOfProjects = 2
		SccEnterpriseProvider = {4CA58AB2-18FA-4F8D-95D4-32DDF27D184C}
		SccTeamFoundationServer = https://tfs.codeplex.com/tfs/tfs24
		SccLocalPath0 = .
		SccProjectUniqueName1 = Poquer.Dominio\\Poquer.Dominio.vbproj
		SccProjectName1 = Poquer.Dominio
		SccLocalPath1 = Poquer.Dominio
	EndGlobalSection
	GlobalSection(SolutionConfigurationPlatforms) = preSolution
		Debug|Any CPU = Debug|Any CPU
		Release|Any CPU = Release|Any CPU
	EndGlobalSection
	GlobalSection(ProjectConfigurationPlatforms) = postSolution
		{0998863D-5F55-4D1C-B6F6-941F25BBEE72}.Debug|Any CPU.ActiveCfg = Debug|Any CPU
		{0998863D-5F55-4D1C-B6F6-941F25BBEE72}.Debug|Any CPU.Build.0 = Debug|Any CPU
		{0998863D-5F55-4D1C-B6F6-941F25BBEE72}.Release|Any CPU.ActiveCfg = Release|Any CPU
		{0998863D-5F55-4D1C-B6F6-941F25BBEE72}.Release|Any CPU.Build.0 = Release|Any CPU
	EndGlobalSection
	GlobalSection(SolutionProperties) = preSolution
		HideSolutionNode = FALSE
	EndGlobalSection
EndGlobal
